// !$*UTF8*$!
{
	archiveVersion = 1;
	classes = {
	};
	objectVersion = 50;
	objects = {

/* Begin PBXBuildFile section */
		3F2C5BF97FBDCC17E2570B7A /* Pods_TestUITests.framework in Frameworks */ = {isa = PBXBuildFile; fileRef = 4800E6DD27511A11768E301F /* Pods_TestUITests.framework */; };
		4B73EDBA22E4A2C0001B1907 /* Gym.swift in Sources */ = {isa = PBXBuildFile; fileRef = 4B73EDB922E4A2C0001B1907 /* Gym.swift */; };
		4BCBF5FC22D48C72006AE34E /* AppDelegate.swift in Sources */ = {isa = PBXBuildFile; fileRef = 4BCBF5FB22D48C72006AE34E /* AppDelegate.swift */; };
		4BCBF5FE22D48C72006AE34E /* ViewController.swift in Sources */ = {isa = PBXBuildFile; fileRef = 4BCBF5FD22D48C72006AE34E /* ViewController.swift */; };
		4BCBF60122D48C72006AE34E /* Main.storyboard in Resources */ = {isa = PBXBuildFile; fileRef = 4BCBF5FF22D48C72006AE34E /* Main.storyboard */; };
		4BCBF60322D48C74006AE34E /* Assets.xcassets in Resources */ = {isa = PBXBuildFile; fileRef = 4BCBF60222D48C74006AE34E /* Assets.xcassets */; };
		4BCBF60622D48C74006AE34E /* LaunchScreen.storyboard in Resources */ = {isa = PBXBuildFile; fileRef = 4BCBF60422D48C74006AE34E /* LaunchScreen.storyboard */; };
		4BCBF61122D48C74006AE34E /* TestTests.swift in Sources */ = {isa = PBXBuildFile; fileRef = 4BCBF61022D48C74006AE34E /* TestTests.swift */; };
		4BCBF61C22D48C74006AE34E /* TestUITests.swift in Sources */ = {isa = PBXBuildFile; fileRef = 4BCBF61B22D48C74006AE34E /* TestUITests.swift */; };
		967CAE1A089D4CBA5D00B5DF /* Pods_TestTests.framework in Frameworks */ = {isa = PBXBuildFile; fileRef = B8191EA49FA34ED53217E4FA /* Pods_TestTests.framework */; };
		B84F6FFB4B075C852FA4CA1A /* Pods_Test.framework in Frameworks */ = {isa = PBXBuildFile; fileRef = 9AF30B31CD601CEA101DBC41 /* Pods_Test.framework */; };
/* End PBXBuildFile section */

/* Begin PBXContainerItemProxy section */
		4BCBF60D22D48C74006AE34E /* PBXContainerItemProxy */ = {
			isa = PBXContainerItemProxy;
			containerPortal = 4BCBF5F022D48C71006AE34E /* Project object */;
			proxyType = 1;
			remoteGlobalIDString = 4BCBF5F722D48C72006AE34E;
			remoteInfo = Test;
		};
		4BCBF61822D48C74006AE34E /* PBXContainerItemProxy */ = {
			isa = PBXContainerItemProxy;
			containerPortal = 4BCBF5F022D48C71006AE34E /* Project object */;
			proxyType = 1;
			remoteGlobalIDString = 4BCBF5F722D48C72006AE34E;
			remoteInfo = Test;
		};
/* End PBXContainerItemProxy section */

/* Begin PBXFileReference section */
		38B880654AF3FB0461CFB335 /* Pods-TestTests.debug.xcconfig */ = {isa = PBXFileReference; includeInIndex = 1; lastKnownFileType = text.xcconfig; name = "Pods-TestTests.debug.xcconfig"; path = "Target Support Files/Pods-TestTests/Pods-TestTests.debug.xcconfig"; sourceTree = "<group>"; };
		3EA73D0E8DA1A3CF8A7FCF43 /* Pods-TestUITests.release.xcconfig */ = {isa = PBXFileReference; includeInIndex = 1; lastKnownFileType = text.xcconfig; name = "Pods-TestUITests.release.xcconfig"; path = "Target Support Files/Pods-TestUITests/Pods-TestUITests.release.xcconfig"; sourceTree = "<group>"; };
		4800E6DD27511A11768E301F /* Pods_TestUITests.framework */ = {isa = PBXFileReference; explicitFileType = wrapper.framework; includeInIndex = 0; path = Pods_TestUITests.framework; sourceTree = BUILT_PRODUCTS_DIR; };
		4B73EDB922E4A2C0001B1907 /* Gym.swift */ = {isa = PBXFileReference; lastKnownFileType = sourcecode.swift; path = Gym.swift; sourceTree = "<group>"; };
		4BCBF5F822D48C72006AE34E /* Test.app */ = {isa = PBXFileReference; explicitFileType = wrapper.application; includeInIndex = 0; path = Test.app; sourceTree = BUILT_PRODUCTS_DIR; };
		4BCBF5FB22D48C72006AE34E /* AppDelegate.swift */ = {isa = PBXFileReference; lastKnownFileType = sourcecode.swift; path = AppDelegate.swift; sourceTree = "<group>"; };
		4BCBF5FD22D48C72006AE34E /* ViewController.swift */ = {isa = PBXFileReference; lastKnownFileType = sourcecode.swift; path = ViewController.swift; sourceTree = "<group>"; };
		4BCBF60022D48C72006AE34E /* Base */ = {isa = PBXFileReference; lastKnownFileType = file.storyboard; name = Base; path = Base.lproj/Main.storyboard; sourceTree = "<group>"; };
		4BCBF60222D48C74006AE34E /* Assets.xcassets */ = {isa = PBXFileReference; lastKnownFileType = folder.assetcatalog; path = Assets.xcassets; sourceTree = "<group>"; };
		4BCBF60522D48C74006AE34E /* Base */ = {isa = PBXFileReference; lastKnownFileType = file.storyboard; name = Base; path = Base.lproj/LaunchScreen.storyboard; sourceTree = "<group>"; };
		4BCBF60722D48C74006AE34E /* Info.plist */ = {isa = PBXFileReference; lastKnownFileType = text.plist.xml; path = Info.plist; sourceTree = "<group>"; };
		4BCBF60C22D48C74006AE34E /* TestTests.xctest */ = {isa = PBXFileReference; explicitFileType = wrapper.cfbundle; includeInIndex = 0; path = TestTests.xctest; sourceTree = BUILT_PRODUCTS_DIR; };
		4BCBF61022D48C74006AE34E /* TestTests.swift */ = {isa = PBXFileReference; lastKnownFileType = sourcecode.swift; path = TestTests.swift; sourceTree = "<group>"; };
		4BCBF61222D48C74006AE34E /* Info.plist */ = {isa = PBXFileReference; lastKnownFileType = text.plist.xml; path = Info.plist; sourceTree = "<group>"; };
		4BCBF61722D48C74006AE34E /* TestUITests.xctest */ = {isa = PBXFileReference; explicitFileType = wrapper.cfbundle; includeInIndex = 0; path = TestUITests.xctest; sourceTree = BUILT_PRODUCTS_DIR; };
		4BCBF61B22D48C74006AE34E /* TestUITests.swift */ = {isa = PBXFileReference; lastKnownFileType = sourcecode.swift; path = TestUITests.swift; sourceTree = "<group>"; };
		4BCBF61D22D48C74006AE34E /* Info.plist */ = {isa = PBXFileReference; lastKnownFileType = text.plist.xml; path = Info.plist; sourceTree = "<group>"; };
		580FD30EDCB618D6C0DE2175 /* Pods-TestUITests.debug.xcconfig */ = {isa = PBXFileReference; includeInIndex = 1; lastKnownFileType = text.xcconfig; name = "Pods-TestUITests.debug.xcconfig"; path = "Target Support Files/Pods-TestUITests/Pods-TestUITests.debug.xcconfig"; sourceTree = "<group>"; };
		5AB4D7D8DE05852D1BF6C7AD /* Pods-Test.debug.xcconfig */ = {isa = PBXFileReference; includeInIndex = 1; lastKnownFileType = text.xcconfig; name = "Pods-Test.debug.xcconfig"; path = "Target Support Files/Pods-Test/Pods-Test.debug.xcconfig"; sourceTree = "<group>"; };
		9AF30B31CD601CEA101DBC41 /* Pods_Test.framework */ = {isa = PBXFileReference; explicitFileType = wrapper.framework; includeInIndex = 0; path = Pods_Test.framework; sourceTree = BUILT_PRODUCTS_DIR; };
		B8191EA49FA34ED53217E4FA /* Pods_TestTests.framework */ = {isa = PBXFileReference; explicitFileType = wrapper.framework; includeInIndex = 0; path = Pods_TestTests.framework; sourceTree = BUILT_PRODUCTS_DIR; };
		D667BAC86D433938692B7308 /* Pods-Test.release.xcconfig */ = {isa = PBXFileReference; includeInIndex = 1; lastKnownFileType = text.xcconfig; name = "Pods-Test.release.xcconfig"; path = "Target Support Files/Pods-Test/Pods-Test.release.xcconfig"; sourceTree = "<group>"; };
		E80939BE925D4FE97F5188B9 /* Pods-TestTests.release.xcconfig */ = {isa = PBXFileReference; includeInIndex = 1; lastKnownFileType = text.xcconfig; name = "Pods-TestTests.release.xcconfig"; path = "Target Support Files/Pods-TestTests/Pods-TestTests.release.xcconfig"; sourceTree = "<group>"; };
/* End PBXFileReference section */

/* Begin PBXFrameworksBuildPhase section */
		4BCBF5F522D48C72006AE34E /* Frameworks */ = {
			isa = PBXFrameworksBuildPhase;
			buildActionMask = 2147483647;
			files = (
				B84F6FFB4B075C852FA4CA1A /* Pods_Test.framework in Frameworks */,
			);
			runOnlyForDeploymentPostprocessing = 0;
		};
		4BCBF60922D48C74006AE34E /* Frameworks */ = {
			isa = PBXFrameworksBuildPhase;
			buildActionMask = 2147483647;
			files = (
				967CAE1A089D4CBA5D00B5DF /* Pods_TestTests.framework in Frameworks */,
			);
			runOnlyForDeploymentPostprocessing = 0;
		};
		4BCBF61422D48C74006AE34E /* Frameworks */ = {
			isa = PBXFrameworksBuildPhase;
			buildActionMask = 2147483647;
			files = (
				3F2C5BF97FBDCC17E2570B7A /* Pods_TestUITests.framework in Frameworks */,
			);
			runOnlyForDeploymentPostprocessing = 0;
		};
/* End PBXFrameworksBuildPhase section */

/* Begin PBXGroup section */
		2E05A93CA1B95CFA809427D2 /* Pods */ = {
			isa = PBXGroup;
			children = (
				5AB4D7D8DE05852D1BF6C7AD /* Pods-Test.debug.xcconfig */,
				D667BAC86D433938692B7308 /* Pods-Test.release.xcconfig */,
				38B880654AF3FB0461CFB335 /* Pods-TestTests.debug.xcconfig */,
				E80939BE925D4FE97F5188B9 /* Pods-TestTests.release.xcconfig */,
				580FD30EDCB618D6C0DE2175 /* Pods-TestUITests.debug.xcconfig */,
				3EA73D0E8DA1A3CF8A7FCF43 /* Pods-TestUITests.release.xcconfig */,
			);
			path = Pods;
			sourceTree = "<group>";
		};
		4BCBF5EF22D48C71006AE34E = {
			isa = PBXGroup;
			children = (
				4BCBF5FA22D48C72006AE34E /* Test */,
				4BCBF60F22D48C74006AE34E /* TestTests */,
				4BCBF61A22D48C74006AE34E /* TestUITests */,
				4BCBF5F922D48C72006AE34E /* Products */,
				2E05A93CA1B95CFA809427D2 /* Pods */,
				4C8D125D79048CFA7467B9CE /* Frameworks */,
			);
			sourceTree = "<group>";
		};
		4BCBF5F922D48C72006AE34E /* Products */ = {
			isa = PBXGroup;
			children = (
				4BCBF5F822D48C72006AE34E /* Test.app */,
				4BCBF60C22D48C74006AE34E /* TestTests.xctest */,
				4BCBF61722D48C74006AE34E /* TestUITests.xctest */,
			);
			name = Products;
			sourceTree = "<group>";
		};
		4BCBF5FA22D48C72006AE34E /* Test */ = {
			isa = PBXGroup;
			children = (
				4BCBF5FB22D48C72006AE34E /* AppDelegate.swift */,
				4BCBF5FD22D48C72006AE34E /* ViewController.swift */,
				4B73EDB922E4A2C0001B1907 /* Gym.swift */,
				4BCBF5FF22D48C72006AE34E /* Main.storyboard */,
				4BCBF60222D48C74006AE34E /* Assets.xcassets */,
				4BCBF60422D48C74006AE34E /* LaunchScreen.storyboard */,
				4BCBF60722D48C74006AE34E /* Info.plist */,
			);
			path = Test;
			sourceTree = "<group>";
		};
		4BCBF60F22D48C74006AE34E /* TestTests */ = {
			isa = PBXGroup;
			children = (
				4BCBF61022D48C74006AE34E /* TestTests.swift */,
				4BCBF61222D48C74006AE34E /* Info.plist */,
			);
			path = TestTests;
			sourceTree = "<group>";
		};
		4BCBF61A22D48C74006AE34E /* TestUITests */ = {
			isa = PBXGroup;
			children = (
				4BCBF61B22D48C74006AE34E /* TestUITests.swift */,
				4BCBF61D22D48C74006AE34E /* Info.plist */,
			);
			path = TestUITests;
			sourceTree = "<group>";
		};
		4C8D125D79048CFA7467B9CE /* Frameworks */ = {
			isa = PBXGroup;
			children = (
				9AF30B31CD601CEA101DBC41 /* Pods_Test.framework */,
				B8191EA49FA34ED53217E4FA /* Pods_TestTests.framework */,
				4800E6DD27511A11768E301F /* Pods_TestUITests.framework */,
			);
			name = Frameworks;
			sourceTree = "<group>";
		};
/* End PBXGroup section */

/* Begin PBXNativeTarget section */
		4BCBF5F722D48C72006AE34E /* Test */ = {
			isa = PBXNativeTarget;
			buildConfigurationList = 4BCBF62022D48C74006AE34E /* Build configuration list for PBXNativeTarget "Test" */;
			buildPhases = (
				BEB8B26AE0CA2EEDA35FCC87 /* [CP] Check Pods Manifest.lock */,
				4BCBF5F422D48C72006AE34E /* Sources */,
				4BCBF5F522D48C72006AE34E /* Frameworks */,
				4BCBF5F622D48C72006AE34E /* Resources */,
				32EE93ACBC61EA41E4D79A11 /* [CP] Embed Pods Frameworks */,
			);
			buildRules = (
			);
			dependencies = (
			);
			name = Test;
			productName = Test;
			productReference = 4BCBF5F822D48C72006AE34E /* Test.app */;
			productType = "com.apple.product-type.application";
		};
		4BCBF60B22D48C74006AE34E /* TestTests */ = {
			isa = PBXNativeTarget;
			buildConfigurationList = 4BCBF62322D48C74006AE34E /* Build configuration list for PBXNativeTarget "TestTests" */;
			buildPhases = (
				017A8A91ADD9CC81D2C51261 /* [CP] Check Pods Manifest.lock */,
				4BCBF60822D48C74006AE34E /* Sources */,
				4BCBF60922D48C74006AE34E /* Frameworks */,
				4BCBF60A22D48C74006AE34E /* Resources */,
			);
			buildRules = (
			);
			dependencies = (
				4BCBF60E22D48C74006AE34E /* PBXTargetDependency */,
			);
			name = TestTests;
			productName = TestTests;
			productReference = 4BCBF60C22D48C74006AE34E /* TestTests.xctest */;
			productType = "com.apple.product-type.bundle.unit-test";
		};
		4BCBF61622D48C74006AE34E /* TestUITests */ = {
			isa = PBXNativeTarget;
			buildConfigurationList = 4BCBF62622D48C74006AE34E /* Build configuration list for PBXNativeTarget "TestUITests" */;
			buildPhases = (
				C400A20636E2067884D8AEB1 /* [CP] Check Pods Manifest.lock */,
				4BCBF61322D48C74006AE34E /* Sources */,
				4BCBF61422D48C74006AE34E /* Frameworks */,
				4BCBF61522D48C74006AE34E /* Resources */,
			);
			buildRules = (
			);
			dependencies = (
				4BCBF61922D48C74006AE34E /* PBXTargetDependency */,
			);
			name = TestUITests;
			productName = TestUITests;
			productReference = 4BCBF61722D48C74006AE34E /* TestUITests.xctest */;
			productType = "com.apple.product-type.bundle.ui-testing";
		};
/* End PBXNativeTarget section */

/* Begin PBXProject section */
		4BCBF5F022D48C71006AE34E /* Project object */ = {
			isa = PBXProject;
			attributes = {
				LastSwiftUpdateCheck = 1010;
				LastUpgradeCheck = 1010;
				ORGANIZATIONNAME = Gandom;
				TargetAttributes = {
					4BCBF5F722D48C72006AE34E = {
						CreatedOnToolsVersion = 10.1;
					};
					4BCBF60B22D48C74006AE34E = {
						CreatedOnToolsVersion = 10.1;
						TestTargetID = 4BCBF5F722D48C72006AE34E;
					};
					4BCBF61622D48C74006AE34E = {
						CreatedOnToolsVersion = 10.1;
						TestTargetID = 4BCBF5F722D48C72006AE34E;
					};
				};
			};
			buildConfigurationList = 4BCBF5F322D48C71006AE34E /* Build configuration list for PBXProject "Test" */;
			compatibilityVersion = "Xcode 9.3";
			developmentRegion = en;
			hasScannedForEncodings = 0;
			knownRegions = (
				en,
				Base,
			);
			mainGroup = 4BCBF5EF22D48C71006AE34E;
			productRefGroup = 4BCBF5F922D48C72006AE34E /* Products */;
			projectDirPath = "";
			projectRoot = "";
			targets = (
				4BCBF5F722D48C72006AE34E /* Test */,
				4BCBF60B22D48C74006AE34E /* TestTests */,
				4BCBF61622D48C74006AE34E /* TestUITests */,
			);
		};
/* End PBXProject section */

/* Begin PBXResourcesBuildPhase section */
		4BCBF5F622D48C72006AE34E /* Resources */ = {
			isa = PBXResourcesBuildPhase;
			buildActionMask = 2147483647;
			files = (
				4BCBF60622D48C74006AE34E /* LaunchScreen.storyboard in Resources */,
				4BCBF60322D48C74006AE34E /* Assets.xcassets in Resources */,
				4BCBF60122D48C72006AE34E /* Main.storyboard in Resources */,
			);
			runOnlyForDeploymentPostprocessing = 0;
		};
		4BCBF60A22D48C74006AE34E /* Resources */ = {
			isa = PBXResourcesBuildPhase;
			buildActionMask = 2147483647;
			files = (
			);
			runOnlyForDeploymentPostprocessing = 0;
		};
		4BCBF61522D48C74006AE34E /* Resources */ = {
			isa = PBXResourcesBuildPhase;
			buildActionMask = 2147483647;
			files = (
			);
			runOnlyForDeploymentPostprocessing = 0;
		};
/* End PBXResourcesBuildPhase section */

/* Begin PBXShellScriptBuildPhase section */
		017A8A91ADD9CC81D2C51261 /* [CP] Check Pods Manifest.lock */ = {
			isa = PBXShellScriptBuildPhase;
			buildActionMask = 2147483647;
			files = (
			);
			inputFileListPaths = (
			);
			inputPaths = (
				"${PODS_PODFILE_DIR_PATH}/Podfile.lock",
				"${PODS_ROOT}/Manifest.lock",
			);
			name = "[CP] Check Pods Manifest.lock";
			outputFileListPaths = (
			);
			outputPaths = (
				"$(DERIVED_FILE_DIR)/Pods-TestTests-checkManifestLockResult.txt",
			);
			runOnlyForDeploymentPostprocessing = 0;
			shellPath = /bin/sh;
			shellScript = "diff \"${PODS_PODFILE_DIR_PATH}/Podfile.lock\" \"${PODS_ROOT}/Manifest.lock\" > /dev/null\nif [ $? != 0 ] ; then\n    # print error to STDERR\n    echo \"error: The sandbox is not in sync with the Podfile.lock. Run 'pod install' or update your CocoaPods installation.\" >&2\n    exit 1\nfi\n# This output is used by Xcode 'outputs' to avoid re-running this script phase.\necho \"SUCCESS\" > \"${SCRIPT_OUTPUT_FILE_0}\"\n";
			showEnvVarsInLog = 0;
		};
		32EE93ACBC61EA41E4D79A11 /* [CP] Embed Pods Frameworks */ = {
			isa = PBXShellScriptBuildPhase;
			buildActionMask = 2147483647;
			files = (
			);
			inputFileListPaths = (
			);
			inputPaths = (
				"${PODS_ROOT}/Target Support Files/Pods-Test/Pods-Test-frameworks.sh",
				"${BUILT_PRODUCTS_DIR}/Socket.IO-Client-Swift/SocketIO.framework",
				"${BUILT_PRODUCTS_DIR}/Starscream/Starscream.framework",
			);
			name = "[CP] Embed Pods Frameworks";
			outputFileListPaths = (
			);
			outputPaths = (
				"${TARGET_BUILD_DIR}/${FRAMEWORKS_FOLDER_PATH}/SocketIO.framework",
				"${TARGET_BUILD_DIR}/${FRAMEWORKS_FOLDER_PATH}/Starscream.framework",
			);
			runOnlyForDeploymentPostprocessing = 0;
			shellPath = /bin/sh;
			shellScript = "\"${PODS_ROOT}/Target Support Files/Pods-Test/Pods-Test-frameworks.sh\"\n";
			showEnvVarsInLog = 0;
		};
		BEB8B26AE0CA2EEDA35FCC87 /* [CP] Check Pods Manifest.lock */ = {
			isa = PBXShellScriptBuildPhase;
			buildActionMask = 2147483647;
			files = (
			);
			inputFileListPaths = (
			);
			inputPaths = (
				"${PODS_PODFILE_DIR_PATH}/Podfile.lock",
				"${PODS_ROOT}/Manifest.lock",
			);
			name = "[CP] Check Pods Manifest.lock";
			outputFileListPaths = (
			);
			outputPaths = (
				"$(DERIVED_FILE_DIR)/Pods-Test-checkManifestLockResult.txt",
			);
			runOnlyForDeploymentPostprocessing = 0;
			shellPath = /bin/sh;
			shellScript = "diff \"${PODS_PODFILE_DIR_PATH}/Podfile.lock\" \"${PODS_ROOT}/Manifest.lock\" > /dev/null\nif [ $? != 0 ] ; then\n    # print error to STDERR\n    echo \"error: The sandbox is not in sync with the Podfile.lock. Run 'pod install' or update your CocoaPods installation.\" >&2\n    exit 1\nfi\n# This output is used by Xcode 'outputs' to avoid re-running this script phase.\necho \"SUCCESS\" > \"${SCRIPT_OUTPUT_FILE_0}\"\n";
			showEnvVarsInLog = 0;
		};
		C400A20636E2067884D8AEB1 /* [CP] Check Pods Manifest.lock */ = {
			isa = PBXShellScriptBuildPhase;
			buildActionMask = 2147483647;
			files = (
			);
			inputFileListPaths = (
			);
			inputPaths = (
				"${PODS_PODFILE_DIR_PATH}/Podfile.lock",
				"${PODS_ROOT}/Manifest.lock",
			);
			name = "[CP] Check Pods Manifest.lock";
			outputFileListPaths = (
			);
			outputPaths = (
				"$(DERIVED_FILE_DIR)/Pods-TestUITests-checkManifestLockResult.txt",
			);
			runOnlyForDeploymentPostprocessing = 0;
			shellPath = /bin/sh;
			shellScript = "diff \"${PODS_PODFILE_DIR_PATH}/Podfile.lock\" \"${PODS_ROOT}/Manifest.lock\" > /dev/null\nif [ $? != 0 ] ; then\n    # print error to STDERR\n    echo \"error: The sandbox is not in sync with the Podfile.lock. Run 'pod install' or update your CocoaPods installation.\" >&2\n    exit 1\nfi\n# This output is used by Xcode 'outputs' to avoid re-running this script phase.\necho \"SUCCESS\" > \"${SCRIPT_OUTPUT_FILE_0}\"\n";
			showEnvVarsInLog = 0;
		};
/* End PBXShellScriptBuildPhase section */

/* Begin PBXSourcesBuildPhase section */
		4BCBF5F422D48C72006AE34E /* Sources */ = {
			isa = PBXSourcesBuildPhase;
			buildActionMask = 2147483647;
			files = (
				4B73EDBA22E4A2C0001B1907 /* Gym.swift in Sources */,
				4BCBF5FE22D48C72006AE34E /* ViewController.swift in Sources */,
				4BCBF5FC22D48C72006AE34E /* AppDelegate.swift in Sources */,
			);
			runOnlyForDeploymentPostprocessing = 0;
		};
		4BCBF60822D48C74006AE34E /* Sources */ = {
			isa = PBXSourcesBuildPhase;
			buildActionMask = 2147483647;
			files = (
				4BCBF61122D48C74006AE34E /* TestTests.swift in Sources */,
			);
			runOnlyForDeploymentPostprocessing = 0;
		};
		4BCBF61322D48C74006AE34E /* Sources */ = {
			isa = PBXSourcesBuildPhase;
			buildActionMask = 2147483647;
			files = (
				4BCBF61C22D48C74006AE34E /* TestUITests.swift in Sources */,
			);
			runOnlyForDeploymentPostprocessing = 0;
		};
/* End PBXSourcesBuildPhase section */

/* Begin PBXTargetDependency section */
		4BCBF60E22D48C74006AE34E /* PBXTargetDependency */ = {
			isa = PBXTargetDependency;
			target = 4BCBF5F722D48C72006AE34E /* Test */;
			targetProxy = 4BCBF60D22D48C74006AE34E /* PBXContainerItemProxy */;
		};
		4BCBF61922D48C74006AE34E /* PBXTargetDependency */ = {
			isa = PBXTargetDependency;
			target = 4BCBF5F722D48C72006AE34E /* Test */;
			targetProxy = 4BCBF61822D48C74006AE34E /* PBXContainerItemProxy */;
		};
/* End PBXTargetDependency section */

/* Begin PBXVariantGroup section */
		4BCBF5FF22D48C72006AE34E /* Main.storyboard */ = {
			isa = PBXVariantGroup;
			children = (
				4BCBF60022D48C72006AE34E /* Base */,
			);
			name = Main.storyboard;
			sourceTree = "<group>";
		};
		4BCBF60422D48C74006AE34E /* LaunchScreen.storyboard */ = {
			isa = PBXVariantGroup;
			children = (
				4BCBF60522D48C74006AE34E /* Base */,
			);
			name = LaunchScreen.storyboard;
			sourceTree = "<group>";
		};
/* End PBXVariantGroup section */

/* Begin XCBuildConfiguration section */
		4BCBF61E22D48C74006AE34E /* Debug */ = {
			isa = XCBuildConfiguration;
			buildSettings = {
				ALWAYS_SEARCH_USER_PATHS = NO;
				CLANG_ANALYZER_NONNULL = YES;
				CLANG_ANALYZER_NUMBER_OBJECT_CONVERSION = YES_AGGRESSIVE;
				CLANG_CXX_LANGUAGE_STANDARD = "gnu++14";
				CLANG_CXX_LIBRARY = "libc++";
				CLANG_ENABLE_MODULES = YES;
				CLANG_ENABLE_OBJC_ARC = YES;
				CLANG_ENABLE_OBJC_WEAK = YES;
				CLANG_WARN_BLOCK_CAPTURE_AUTORELEASING = YES;
				CLANG_WARN_BOOL_CONVERSION = YES;
				CLANG_WARN_COMMA = YES;
				CLANG_WARN_CONSTANT_CONVERSION = YES;
				CLANG_WARN_DEPRECATED_OBJC_IMPLEMENTATIONS = YES;
				CLANG_WARN_DIRECT_OBJC_ISA_USAGE = YES_ERROR;
				CLANG_WARN_DOCUMENTATION_COMMENTS = YES;
				CLANG_WARN_EMPTY_BODY = YES;
				CLANG_WARN_ENUM_CONVERSION = YES;
				CLANG_WARN_INFINITE_RECURSION = YES;
				CLANG_WARN_INT_CONVERSION = YES;
				CLANG_WARN_NON_LITERAL_NULL_CONVERSION = YES;
				CLANG_WARN_OBJC_IMPLICIT_RETAIN_SELF = YES;
				CLANG_WARN_OBJC_LITERAL_CONVERSION = YES;
				CLANG_WARN_OBJC_ROOT_CLASS = YES_ERROR;
				CLANG_WARN_RANGE_LOOP_ANALYSIS = YES;
				CLANG_WARN_STRICT_PROTOTYPES = YES;
				CLANG_WARN_SUSPICIOUS_MOVE = YES;
				CLANG_WARN_UNGUARDED_AVAILABILITY = YES_AGGRESSIVE;
				CLANG_WARN_UNREACHABLE_CODE = YES;
				CLANG_WARN__DUPLICATE_METHOD_MATCH = YES;
				CODE_SIGN_IDENTITY = "iPhone Developer";
				COPY_PHASE_STRIP = NO;
				DEBUG_INFORMATION_FORMAT = dwarf;
				ENABLE_STRICT_OBJC_MSGSEND = YES;
				ENABLE_TESTABILITY = YES;
				GCC_C_LANGUAGE_STANDARD = gnu11;
				GCC_DYNAMIC_NO_PIC = NO;
				GCC_NO_COMMON_BLOCKS = YES;
				GCC_OPTIMIZATION_LEVEL = 0;
				GCC_PREPROCESSOR_DEFINITIONS = (
					"DEBUG=1",
					"$(inherited)",
				);
				GCC_WARN_64_TO_32_BIT_CONVERSION = YES;
				GCC_WARN_ABOUT_RETURN_TYPE = YES_ERROR;
				GCC_WARN_UNDECLARED_SELECTOR = YES;
				GCC_WARN_UNINITIALIZED_AUTOS = YES_AGGRESSIVE;
				GCC_WARN_UNUSED_FUNCTION = YES;
				GCC_WARN_UNUSED_VARIABLE = YES;
				IPHONEOS_DEPLOYMENT_TARGET = 12.1;
				MTL_ENABLE_DEBUG_INFO = INCLUDE_SOURCE;
				MTL_FAST_MATH = YES;
				ONLY_ACTIVE_ARCH = YES;
				SDKROOT = iphoneos;
				SWIFT_ACTIVE_COMPILATION_CONDITIONS = DEBUG;
				SWIFT_OBJC_BRIDGING_HEADER = "Pods/Backendless/SDK/ios/backendless/include/Backendless-Bridging-Header.h";
				SWIFT_OPTIMIZATION_LEVEL = "-Onone";
			};
			name = Debug;
		};
		4BCBF61F22D48C74006AE34E /* Release */ = {
			isa = XCBuildConfiguration;
			buildSettings = {
				ALWAYS_SEARCH_USER_PATHS = NO;
				CLANG_ANALYZER_NONNULL = YES;
				CLANG_ANALYZER_NUMBER_OBJECT_CONVERSION = YES_AGGRESSIVE;
				CLANG_CXX_LANGUAGE_STANDARD = "gnu++14";
				CLANG_CXX_LIBRARY = "libc++";
				CLANG_ENABLE_MODULES = YES;
				CLANG_ENABLE_OBJC_ARC = YES;
				CLANG_ENABLE_OBJC_WEAK = YES;
				CLANG_WARN_BLOCK_CAPTURE_AUTORELEASING = YES;
				CLANG_WARN_BOOL_CONVERSION = YES;
				CLANG_WARN_COMMA = YES;
				CLANG_WARN_CONSTANT_CONVERSION = YES;
				CLANG_WARN_DEPRECATED_OBJC_IMPLEMENTATIONS = YES;
				CLANG_WARN_DIRECT_OBJC_ISA_USAGE = YES_ERROR;
				CLANG_WARN_DOCUMENTATION_COMMENTS = YES;
				CLANG_WARN_EMPTY_BODY = YES;
				CLANG_WARN_ENUM_CONVERSION = YES;
				CLANG_WARN_INFINITE_RECURSION = YES;
				CLANG_WARN_INT_CONVERSION = YES;
				CLANG_WARN_NON_LITERAL_NULL_CONVERSION = YES;
				CLANG_WARN_OBJC_IMPLICIT_RETAIN_SELF = YES;
				CLANG_WARN_OBJC_LITERAL_CONVERSION = YES;
				CLANG_WARN_OBJC_ROOT_CLASS = YES_ERROR;
				CLANG_WARN_RANGE_LOOP_ANALYSIS = YES;
				CLANG_WARN_STRICT_PROTOTYPES = YES;
				CLANG_WARN_SUSPICIOUS_MOVE = YES;
				CLANG_WARN_UNGUARDED_AVAILABILITY = YES_AGGRESSIVE;
				CLANG_WARN_UNREACHABLE_CODE = YES;
				CLANG_WARN__DUPLICATE_METHOD_MATCH = YES;
				CODE_SIGN_IDENTITY = "iPhone Developer";
				COPY_PHASE_STRIP = NO;
				DEBUG_INFORMATION_FORMAT = "dwarf-with-dsym";
				ENABLE_NS_ASSERTIONS = NO;
				ENABLE_STRICT_OBJC_MSGSEND = YES;
				GCC_C_LANGUAGE_STANDARD = gnu11;
				GCC_NO_COMMON_BLOCKS = YES;
				GCC_WARN_64_TO_32_BIT_CONVERSION = YES;
				GCC_WARN_ABOUT_RETURN_TYPE = YES_ERROR;
				GCC_WARN_UNDECLARED_SELECTOR = YES;
				GCC_WARN_UNINITIALIZED_AUTOS = YES_AGGRESSIVE;
				GCC_WARN_UNUSED_FUNCTION = YES;
				GCC_WARN_UNUSED_VARIABLE = YES;
				IPHONEOS_DEPLOYMENT_TARGET = 12.1;
				MTL_ENABLE_DEBUG_INFO = NO;
				MTL_FAST_MATH = YES;
				SDKROOT = iphoneos;
				SWIFT_COMPILATION_MODE = wholemodule;
				SWIFT_OBJC_BRIDGING_HEADER = "Pods/Backendless/SDK/ios/backendless/include/Backendless-Bridging-Header.h";
				SWIFT_OPTIMIZATION_LEVEL = "-O";
				VALIDATE_PRODUCT = YES;
			};
			name = Release;
		};
		4BCBF62122D48C74006AE34E /* Debug */ = {
			isa = XCBuildConfiguration;
			baseConfigurationReference = 5AB4D7D8DE05852D1BF6C7AD /* Pods-Test.debug.xcconfig */;
			buildSettings = {
				ASSETCATALOG_COMPILER_APPICON_NAME = AppIcon;
				CODE_SIGN_STYLE = Automatic;
				INFOPLIST_FILE = Test/Info.plist;
				LD_RUNPATH_SEARCH_PATHS = (
					"$(inherited)",
					"@executable_path/Frameworks",
				);
				PRODUCT_BUNDLE_IDENTIFIER = gm.Test;
				PRODUCT_NAME = "$(TARGET_NAME)";
				SWIFT_VERSION = 4.2;
				TARGETED_DEVICE_FAMILY = "1,2";
			};
			name = Debug;
		};
		4BCBF62222D48C74006AE34E /* Release */ = {
			isa = XCBuildConfiguration;
			baseConfigurationReference = D667BAC86D433938692B7308 /* Pods-Test.release.xcconfig */;
			buildSettings = {
				ASSETCATALOG_COMPILER_APPICON_NAME = AppIcon;
				CODE_SIGN_STYLE = Automatic;
				INFOPLIST_FILE = Test/Info.plist;
				LD_RUNPATH_SEARCH_PATHS = (
					"$(inherited)",
					"@executable_path/Frameworks",
				);
				PRODUCT_BUNDLE_IDENTIFIER = gm.Test;
				PRODUCT_NAME = "$(TARGET_NAME)";
				SWIFT_VERSION = 4.2;
				TARGETED_DEVICE_FAMILY = "1,2";
			};
			name = Release;
		};
		4BCBF62422D48C74006AE34E /* Debug */ = {
			isa = XCBuildConfiguration;
			baseConfigurationReference = 38B880654AF3FB0461CFB335 /* Pods-TestTests.debug.xcconfig */;
			buildSettings = {
				ALWAYS_EMBED_SWIFT_STANDARD_LIBRARIES = YES;
				BUNDLE_LOADER = "$(TEST_HOST)";
				CODE_SIGN_STYLE = Automatic;
				INFOPLIST_FILE = TestTests/Info.plist;
				LD_RUNPATH_SEARCH_PATHS = (
					"$(inherited)",
					"@executable_path/Frameworks",
					"@loader_path/Frameworks",
				);
				PRODUCT_BUNDLE_IDENTIFIER = gm.TestTests;
				PRODUCT_NAME = "$(TARGET_NAME)";
				SWIFT_VERSION = 4.2;
				TARGETED_DEVICE_FAMILY = "1,2";
				TEST_HOST = "$(BUILT_PRODUCTS_DIR)/Test.app/Test";
			};
			name = Debug;
		};
		4BCBF62522D48C74006AE34E /* Release */ = {
			isa = XCBuildConfiguration;
			baseConfigurationReference = E80939BE925D4FE97F5188B9 /* Pods-TestTests.release.xcconfig */;
			buildSettings = {
				ALWAYS_EMBED_SWIFT_STANDARD_LIBRARIES = YES;
				BUNDLE_LOADER = "$(TEST_HOST)";
				CODE_SIGN_STYLE = Automatic;
				INFOPLIST_FILE = TestTests/Info.plist;
				LD_RUNPATH_SEARCH_PATHS = (
					"$(inherited)",
					"@executable_path/Frameworks",
					"@loader_path/Frameworks",
				);
				PRODUCT_BUNDLE_IDENTIFIER = gm.TestTests;
				PRODUCT_NAME = "$(TARGET_NAME)";
				SWIFT_VERSION = 4.2;
				TARGETED_DEVICE_FAMILY = "1,2";
				TEST_HOST = "$(BUILT_PRODUCTS_DIR)/Test.app/Test";
			};
			name = Release;
		};
		4BCBF62722D48C74006AE34E /* Debug */ = {
			isa = XCBuildConfiguration;
			baseConfigurationReference = 580FD30EDCB618D6C0DE2175 /* Pods-TestUITests.debug.xcconfig */;
			buildSettings = {
				ALWAYS_EMBED_SWIFT_STANDARD_LIBRARIES = YES;
				CODE_SIGN_STYLE = Automatic;
				INFOPLIST_FILE = TestUITests/Info.plist;
				LD_RUNPATH_SEARCH_PATHS = (
					"$(inherited)",
					"@executable_path/Frameworks",
					"@loader_path/Frameworks",
				);
				PRODUCT_BUNDLE_IDENTIFIER = gm.TestUITests;
				PRODUCT_NAME = "$(TARGET_NAME)";
				SWIFT_VERSION = 4.2;
				TARGETED_DEVICE_FAMILY = "1,2";
				TEST_TARGET_NAME = Test;
			};
			name = Debug;
		};
		4BCBF62822D48C74006AE34E /* Release */ = {
			isa = XCBuildConfiguration;
			baseConfigurationReference = 3EA73D0E8DA1A3CF8A7FCF43 /* Pods-TestUITests.release.xcconfig */;
			buildSettings = {
				ALWAYS_EMBED_SWIFT_STANDARD_LIBRARIES = YES;
				CODE_SIGN_STYLE = Automatic;
				INFOPLIST_FILE = TestUITests/Info.plist;
				LD_RUNPATH_SEARCH_PATHS = (
					"$(inherited)",
					"@executable_path/Frameworks",
					"@loader_path/Frameworks",
				);
				PRODUCT_BUNDLE_IDENTIFIER = gm.TestUITests;
				PRODUCT_NAME = "$(TARGET_NAME)";
				SWIFT_VERSION = 4.2;
				TARGETED_DEVICE_FAMILY = "1,2";
				TEST_TARGET_NAME = Test;
			};
			name = Release;
		};
/* End XCBuildConfiguration section */

/* Begin XCConfigurationList section */
		4BCBF5F322D48C71006AE34E /* Build configuration list for PBXProject "Test" */ = {
			isa = XCConfigurationList;
			buildConfigurations = (
				4BCBF61E22D48C74006AE34E /* Debug */,
				4BCBF61F22D48C74006AE34E /* Release */,
			);
			defaultConfigurationIsVisible = 0;
			defaultConfigurationName = Release;
		};
		4BCBF62022D48C74006AE34E /* Build configuration list for PBXNativeTarget "Test" */ = {
			isa = XCConfigurationList;
			buildConfigurations = (
				4BCBF62122D48C74006AE34E /* Debug */,
				4BCBF62222D48C74006AE34E /* Release */,
			);
			defaultConfigurationIsVisible = 0;
			defaultConfigurationName = Release;
		};
		4BCBF62322D48C74006AE34E /* Build configuration list for PBXNativeTarget "TestTests" */ = {
			isa = XCConfigurationList;
			buildConfigurations = (
				4BCBF62422D48C74006AE34E /* Debug */,
				4BCBF62522D48C74006AE34E /* Release */,
			);
			defaultConfigurationIsVisible = 0;
			defaultConfigurationName = Release;
		};
		4BCBF62622D48C74006AE34E /* Build configuration list for PBXNativeTarget "TestUITests" */ = {
			isa = XCConfigurationList;
			buildConfigurations = (
				4BCBF62722D48C74006AE34E /* Debug */,
				4BCBF62822D48C74006AE34E /* Release */,
			);
			defaultConfigurationIsVisible = 0;
			defaultConfigurationName = Release;
		};
/* End XCConfigurationList section */
	};
	rootObject = 4BCBF5F022D48C71006AE34E /* Project object */;
}
